
Microsoft Visual Studio Solution File, Format Version 12.00
# Visual Studio Version 17
VisualStudioVersion = 17.3.32929.385
MinimumVisualStudioVersion = 10.0.40219.1
Project("{FAE04EC0-301F-11D3-BF4B-00C04F79EFBC}") = "BMCFileMangement", "BMCFileMangement\BMCFileMangement.csproj", "{76DC7696-F9DB-43C5-9BC2-5046D3E57744}"
EndProject
Global
	GlobalSection(SolutionConfigurationPlatforms) = preSolution
		Debug|Any CPU = Debug|Any CPU
		Release|Any CPU = Release|Any CPU
	EndGlobalSection
	GlobalSection(ProjectConfigurationPlatforms) = postSolution
		{76DC7696-F9DB-43C5-9BC2-5046D3E57744}.Debug|Any CPU.ActiveCfg = Debug|Any CPU
		{76DC7696-F9DB-43C5-9BC2-5046D3E57744}.Debug|Any CPU.Build.0 = Debug|Any CPU
		{76DC7696-F9DB-43C5-9BC2-5046D3E57744}.Release|Any CPU.ActiveCfg = Release|Any CPU
		{76DC7696-F9DB-43C5-9BC2-5046D3E57744}.Release|Any CPU.Build.0 = Release|Any CPU
	EndGlobalSection
	GlobalSection(SolutionProperties) = preSolution
		HideSolutionNode = FALSE
	EndGlobalSection
	GlobalSection(ExtensibilityGlobals) = postSolution
		SolutionGuid = {62EB2852-6059-41ED-B988-FE0B308A8082}
	EndGlobalSection
EndGlobal
